{
  "name": "bank",
  "version": "0.0.1",
  "lockfileVersion": 1,
  "requires": true,
  "dependencies": {
    "react-native-permission": {
      "version": "0.0.1",
      "resolved": "https://registry.npmjs.org/react-native-permission/-/react-native-permission-0.0.1.tgz",
      "integrity": "sha1-jlc6HpN/Vrd2tretWyB7nC8SBlI="
    }
  }
}
